
Microsoft Visual Studio Solution File, Format Version 12.00
# Visual Studio 15
VisualStudioVersion = 15.0.27703.2000
MinimumVisualStudioVersion = 10.0.40219.1
Project("{FAE04EC0-301F-11D3-BF4B-00C04F79EFBC}") = "Employee", "Employee\Employee.csproj", "{9A4CA9CF-4C77-444D-B6C9-2F9DFD3E47AA}"
EndProject
Global
	GlobalSection(SolutionConfigurationPlatforms) = preSolution
		Debug|Any CPU = Debug|Any CPU
		Release|Any CPU = Release|Any CPU
	EndGlobalSection
	GlobalSection(ProjectConfigurationPlatforms) = postSolution
		{9A4CA9CF-4C77-444D-B6C9-2F9DFD3E47AA}.Debug|Any CPU.ActiveCfg = Debug|Any CPU
		{9A4CA9CF-4C77-444D-B6C9-2F9DFD3E47AA}.Debug|Any CPU.Build.0 = Debug|Any CPU
		{9A4CA9CF-4C77-444D-B6C9-2F9DFD3E47AA}.Release|Any CPU.ActiveCfg = Release|Any CPU
		{9A4CA9CF-4C77-444D-B6C9-2F9DFD3E47AA}.Release|Any CPU.Build.0 = Release|Any CPU
	EndGlobalSection
	GlobalSection(SolutionProperties) = preSolution
		HideSolutionNode = FALSE
	EndGlobalSection
	GlobalSection(ExtensibilityGlobals) = postSolution
		SolutionGuid = {6FAE4B0F-F21E-48FB-A2D2-3C4273FC26D1}
	EndGlobalSection
EndGlobal
